
Microsoft Visual Studio Solution File, Format Version 12.00
# Visual Studio Version 17
VisualStudioVersion = 17.3.32901.215
MinimumVisualStudioVersion = 10.0.40219.1
Project("{9A19103F-16F7-4668-BE54-9A1E7A4F7556}") = "The_Super_App", "The_Super_App.csproj", "{BB6EB9DB-087E-4257-977F-A43C213BA182}"
EndProject
Project("{9A19103F-16F7-4668-BE54-9A1E7A4F7556}") = "API.V1", "..\API.V1\API.V1.csproj", "{7B477A9C-5FFF-484D-956C-947E8582DB27}"
EndProject
Project("{FAE04EC0-301F-11D3-BF4B-00C04F79EFBC}") = "DataBaseSchema", "..\DataBaseSchema\DataBaseSchema.csproj", "{5BAD6CEE-0502-4E9F-B2B0-D1397D7569C9}"
EndProject
Global
	GlobalSection(SolutionConfigurationPlatforms) = preSolution
		Debug|Any CPU = Debug|Any CPU
		Release|Any CPU = Release|Any CPU
	EndGlobalSection
	GlobalSection(ProjectConfigurationPlatforms) = postSolution
		{BB6EB9DB-087E-4257-977F-A43C213BA182}.Debug|Any CPU.ActiveCfg = Debug|Any CPU
		{BB6EB9DB-087E-4257-977F-A43C213BA182}.Debug|Any CPU.Build.0 = Debug|Any CPU
		{BB6EB9DB-087E-4257-977F-A43C213BA182}.Release|Any CPU.ActiveCfg = Release|Any CPU
		{BB6EB9DB-087E-4257-977F-A43C213BA182}.Release|Any CPU.Build.0 = Release|Any CPU
		{7B477A9C-5FFF-484D-956C-947E8582DB27}.Debug|Any CPU.ActiveCfg = Debug|Any CPU
		{7B477A9C-5FFF-484D-956C-947E8582DB27}.Debug|Any CPU.Build.0 = Debug|Any CPU
		{7B477A9C-5FFF-484D-956C-947E8582DB27}.Release|Any CPU.ActiveCfg = Release|Any CPU
		{7B477A9C-5FFF-484D-956C-947E8582DB27}.Release|Any CPU.Build.0 = Release|Any CPU
		{5BAD6CEE-0502-4E9F-B2B0-D1397D7569C9}.Debug|Any CPU.ActiveCfg = Debug|Any CPU
		{5BAD6CEE-0502-4E9F-B2B0-D1397D7569C9}.Debug|Any CPU.Build.0 = Debug|Any CPU
		{5BAD6CEE-0502-4E9F-B2B0-D1397D7569C9}.Release|Any CPU.ActiveCfg = Release|Any CPU
		{5BAD6CEE-0502-4E9F-B2B0-D1397D7569C9}.Release|Any CPU.Build.0 = Release|Any CPU
	EndGlobalSection
	GlobalSection(SolutionProperties) = preSolution
		HideSolutionNode = FALSE
	EndGlobalSection
	GlobalSection(ExtensibilityGlobals) = postSolution
		SolutionGuid = {72ED6C68-379E-472C-AC4F-A741B88991AA}
	EndGlobalSection
EndGlobal
